// !$*UTF8*$!
{
	archiveVersion = 1;
	classes = {
	};
	objectVersion = 77;
	objects = {

/* Begin PBXContainerItemProxy section */
		8365D4B22DD25D7E00EDB695 /* PBXContainerItemProxy */ = {
			isa = PBXContainerItemProxy;
			containerPortal = 8365D4992DD25D7D00EDB695 /* Project object */;
			proxyType = 1;
			remoteGlobalIDString = 8365D4A02DD25D7D00EDB695;
			remoteInfo = tic_tac_toe_ios_ethereum;
		};
		8365D4BC2DD25D7E00EDB695 /* PBXContainerItemProxy */ = {
			isa = PBXContainerItemProxy;
			containerPortal = 8365D4992DD25D7D00EDB695 /* Project object */;
			proxyType = 1;
			remoteGlobalIDString = 8365D4A02DD25D7D00EDB695;
			remoteInfo = tic_tac_toe_ios_ethereum;
		};
/* End PBXContainerItemProxy section */

/* Begin PBXFileReference section */
		8365D4A12DD25D7D00EDB695 /* tic_tac_toe_ios_ethereum.app */ = {isa = PBXFileReference; explicitFileType = wrapper.application; includeInIndex = 0; path = tic_tac_toe_ios_ethereum.app; sourceTree = BUILT_PRODUCTS_DIR; };
		8365D4B12DD25D7E00EDB695 /* tic_tac_toe_ios_ethereumTests.xctest */ = {isa = PBXFileReference; explicitFileType = wrapper.cfbundle; includeInIndex = 0; path = tic_tac_toe_ios_ethereumTests.xctest; sourceTree = BUILT_PRODUCTS_DIR; };
		8365D4BB2DD25D7E00EDB695 /* tic_tac_toe_ios_ethereumUITests.xctest */ = {isa = PBXFileReference; explicitFileType = wrapper.cfbundle; includeInIndex = 0; path = tic_tac_toe_ios_ethereumUITests.xctest; sourceTree = BUILT_PRODUCTS_DIR; };
/* End PBXFileReference section */

/* Begin PBXFileSystemSynchronizedRootGroup section */
		8365D4A32DD25D7D00EDB695 /* tic_tac_toe_ios_ethereum */ = {
			isa = PBXFileSystemSynchronizedRootGroup;
			path = tic_tac_toe_ios_ethereum;
			sourceTree = "<group>";
		};
		8365D4B42DD25D7E00EDB695 /* tic_tac_toe_ios_ethereumTests */ = {
			isa = PBXFileSystemSynchronizedRootGroup;
			path = tic_tac_toe_ios_ethereumTests;
			sourceTree = "<group>";
		};
		8365D4BE2DD25D7E00EDB695 /* tic_tac_toe_ios_ethereumUITests */ = {
			isa = PBXFileSystemSynchronizedRootGroup;
			path = tic_tac_toe_ios_ethereumUITests;
			sourceTree = "<group>";
		};
/* End PBXFileSystemSynchronizedRootGroup section */

/* Begin PBXFrameworksBuildPhase section */
		8365D49E2DD25D7D00EDB695 /* Frameworks */ = {
			isa = PBXFrameworksBuildPhase;
			buildActionMask = 2147483647;
			files = (
			);
			runOnlyForDeploymentPostprocessing = 0;
		};
		8365D4AE2DD25D7E00EDB695 /* Frameworks */ = {
			isa = PBXFrameworksBuildPhase;
			buildActionMask = 2147483647;
			files = (
			);
			runOnlyForDeploymentPostprocessing = 0;
		};
		8365D4B82DD25D7E00EDB695 /* Frameworks */ = {
			isa = PBXFrameworksBuildPhase;
			buildActionMask = 2147483647;
			files = (
			);
			runOnlyForDeploymentPostprocessing = 0;
		};
/* End PBXFrameworksBuildPhase section */

/* Begin PBXGroup section */
		8365D4982DD25D7D00EDB695 = {
			isa = PBXGroup;
			children = (
				8365D4A32DD25D7D00EDB695 /* tic_tac_toe_ios_ethereum */,
				8365D4B42DD25D7E00EDB695 /* tic_tac_toe_ios_ethereumTests */,
				8365D4BE2DD25D7E00EDB695 /* tic_tac_toe_ios_ethereumUITests */,
				8365D4A22DD25D7D00EDB695 /* Products */,
			);
			sourceTree = "<group>";
		};
		8365D4A22DD25D7D00EDB695 /* Products */ = {
			isa = PBXGroup;
			children = (
				8365D4A12DD25D7D00EDB695 /* tic_tac_toe_ios_ethereum.app */,
				8365D4B12DD25D7E00EDB695 /* tic_tac_toe_ios_ethereumTests.xctest */,
				8365D4BB2DD25D7E00EDB695 /* tic_tac_toe_ios_ethereumUITests.xctest */,
			);
			name = Products;
			sourceTree = "<group>";
		};
/* End PBXGroup section */

/* Begin PBXNativeTarget section */
		8365D4A02DD25D7D00EDB695 /* tic_tac_toe_ios_ethereum */ = {
			isa = PBXNativeTarget;
			buildConfigurationList = 8365D4C52DD25D7E00EDB695 /* Build configuration list for PBXNativeTarget "tic_tac_toe_ios_ethereum" */;
			buildPhases = (
				8365D49D2DD25D7D00EDB695 /* Sources */,
				8365D49E2DD25D7D00EDB695 /* Frameworks */,
				8365D49F2DD25D7D00EDB695 /* Resources */,
			);
			buildRules = (
			);
			dependencies = (
			);
			fileSystemSynchronizedGroups = (
				8365D4A32DD25D7D00EDB695 /* tic_tac_toe_ios_ethereum */,
			);
			name = tic_tac_toe_ios_ethereum;
			packageProductDependencies = (
			);
			productName = tic_tac_toe_ios_ethereum;
			productReference = 8365D4A12DD25D7D00EDB695 /* tic_tac_toe_ios_ethereum.app */;
			productType = "com.apple.product-type.application";
		};
		8365D4B02DD25D7E00EDB695 /* tic_tac_toe_ios_ethereumTests */ = {
			isa = PBXNativeTarget;
			buildConfigurationList = 8365D4C82DD25D7E00EDB695 /* Build configuration list for PBXNativeTarget "tic_tac_toe_ios_ethereumTests" */;
			buildPhases = (
				8365D4AD2DD25D7E00EDB695 /* Sources */,
				8365D4AE2DD25D7E00EDB695 /* Frameworks */,
				8365D4AF2DD25D7E00EDB695 /* Resources */,
			);
			buildRules = (
			);
			dependencies = (
				8365D4B32DD25D7E00EDB695 /* PBXTargetDependency */,
			);
			fileSystemSynchronizedGroups = (
				8365D4B42DD25D7E00EDB695 /* tic_tac_toe_ios_ethereumTests */,
			);
			name = tic_tac_toe_ios_ethereumTests;
			packageProductDependencies = (
			);
			productName = tic_tac_toe_ios_ethereumTests;
			productReference = 8365D4B12DD25D7E00EDB695 /* tic_tac_toe_ios_ethereumTests.xctest */;
			productType = "com.apple.product-type.bundle.unit-test";
		};
		8365D4BA2DD25D7E00EDB695 /* tic_tac_toe_ios_ethereumUITests */ = {
			isa = PBXNativeTarget;
			buildConfigurationList = 8365D4CB2DD25D7E00EDB695 /* Build configuration list for PBXNativeTarget "tic_tac_toe_ios_ethereumUITests" */;
			buildPhases = (
				8365D4B72DD25D7E00EDB695 /* Sources */,
				8365D4B82DD25D7E00EDB695 /* Frameworks */,
				8365D4B92DD25D7E00EDB695 /* Resources */,
			);
			buildRules = (
			);
			dependencies = (
				8365D4BD2DD25D7E00EDB695 /* PBXTargetDependency */,
			);
			fileSystemSynchronizedGroups = (
				8365D4BE2DD25D7E00EDB695 /* tic_tac_toe_ios_ethereumUITests */,
			);
			name = tic_tac_toe_ios_ethereumUITests;
			packageProductDependencies = (
			);
			productName = tic_tac_toe_ios_ethereumUITests;
			productReference = 8365D4BB2DD25D7E00EDB695 /* tic_tac_toe_ios_ethereumUITests.xctest */;
			productType = "com.apple.product-type.bundle.ui-testing";
		};
/* End PBXNativeTarget section */

/* Begin PBXProject section */
		8365D4992DD25D7D00EDB695 /* Project object */ = {
			isa = PBXProject;
			attributes = {
				BuildIndependentTargetsInParallel = 1;
				LastSwiftUpdateCheck = 1620;
				LastUpgradeCheck = 1620;
				TargetAttributes = {
					8365D4A02DD25D7D00EDB695 = {
						CreatedOnToolsVersion = 16.2;
					};
					8365D4B02DD25D7E00EDB695 = {
						CreatedOnToolsVersion = 16.2;
						TestTargetID = 8365D4A02DD25D7D00EDB695;
					};
					8365D4BA2DD25D7E00EDB695 = {
						CreatedOnToolsVersion = 16.2;
						TestTargetID = 8365D4A02DD25D7D00EDB695;
					};
				};
			};
			buildConfigurationList = 8365D49C2DD25D7D00EDB695 /* Build configuration list for PBXProject "tic_tac_toe_ios_ethereum" */;
			developmentRegion = en;
			hasScannedForEncodings = 0;
			knownRegions = (
				en,
				Base,
			);
			mainGroup = 8365D4982DD25D7D00EDB695;
			minimizedProjectReferenceProxies = 1;
			preferredProjectObjectVersion = 77;
			productRefGroup = 8365D4A22DD25D7D00EDB695 /* Products */;
			projectDirPath = "";
			projectRoot = "";
			targets = (
				8365D4A02DD25D7D00EDB695 /* tic_tac_toe_ios_ethereum */,
				8365D4B02DD25D7E00EDB695 /* tic_tac_toe_ios_ethereumTests */,
				8365D4BA2DD25D7E00EDB695 /* tic_tac_toe_ios_ethereumUITests */,
			);
		};
/* End PBXProject section */

/* Begin PBXResourcesBuildPhase section */
		8365D49F2DD25D7D00EDB695 /* Resources */ = {
			isa = PBXResourcesBuildPhase;
			buildActionMask = 2147483647;
			files = (
			);
			runOnlyForDeploymentPostprocessing = 0;
		};
		8365D4AF2DD25D7E00EDB695 /* Resources */ = {
			isa = PBXResourcesBuildPhase;
			buildActionMask = 2147483647;
			files = (
			);
			runOnlyForDeploymentPostprocessing = 0;
		};
		8365D4B92DD25D7E00EDB695 /* Resources */ = {
			isa = PBXResourcesBuildPhase;
			buildActionMask = 2147483647;
			files = (
			);
			runOnlyForDeploymentPostprocessing = 0;
		};
/* End PBXResourcesBuildPhase section */

/* Begin PBXSourcesBuildPhase section */
		8365D49D2DD25D7D00EDB695 /* Sources */ = {
			isa = PBXSourcesBuildPhase;
			buildActionMask = 2147483647;
			files = (
			);
			runOnlyForDeploymentPostprocessing = 0;
		};
		8365D4AD2DD25D7E00EDB695 /* Sources */ = {
			isa = PBXSourcesBuildPhase;
			buildActionMask = 2147483647;
			files = (
			);
			runOnlyForDeploymentPostprocessing = 0;
		};
		8365D4B72DD25D7E00EDB695 /* Sources */ = {
			isa = PBXSourcesBuildPhase;
			buildActionMask = 2147483647;
			files = (
			);
			runOnlyForDeploymentPostprocessing = 0;
		};
/* End PBXSourcesBuildPhase section */

/* Begin PBXTargetDependency section */
		8365D4B32DD25D7E00EDB695 /* PBXTargetDependency */ = {
			isa = PBXTargetDependency;
			target = 8365D4A02DD25D7D00EDB695 /* tic_tac_toe_ios_ethereum */;
			targetProxy = 8365D4B22DD25D7E00EDB695 /* PBXContainerItemProxy */;
		};
		8365D4BD2DD25D7E00EDB695 /* PBXTargetDependency */ = {
			isa = PBXTargetDependency;
			target = 8365D4A02DD25D7D00EDB695 /* tic_tac_toe_ios_ethereum */;
			targetProxy = 8365D4BC2DD25D7E00EDB695 /* PBXContainerItemProxy */;
		};
/* End PBXTargetDependency section */

/* Begin XCBuildConfiguration section */
		8365D4C32DD25D7E00EDB695 /* Debug */ = {
			isa = XCBuildConfiguration;
			buildSettings = {
				ALWAYS_SEARCH_USER_PATHS = NO;
				ASSETCATALOG_COMPILER_GENERATE_SWIFT_ASSET_SYMBOL_EXTENSIONS = YES;
				CLANG_ANALYZER_NONNULL = YES;
				CLANG_ANALYZER_NUMBER_OBJECT_CONVERSION = YES_AGGRESSIVE;
				CLANG_CXX_LANGUAGE_STANDARD = "gnu++20";
				CLANG_ENABLE_MODULES = YES;
				CLANG_ENABLE_OBJC_ARC = YES;
				CLANG_ENABLE_OBJC_WEAK = YES;
				CLANG_WARN_BLOCK_CAPTURE_AUTORELEASING = YES;
				CLANG_WARN_BOOL_CONVERSION = YES;
				CLANG_WARN_COMMA = YES;
				CLANG_WARN_CONSTANT_CONVERSION = YES;
				CLANG_WARN_DEPRECATED_OBJC_IMPLEMENTATIONS = YES;
				CLANG_WARN_DIRECT_OBJC_ISA_USAGE = YES_ERROR;
				CLANG_WARN_DOCUMENTATION_COMMENTS = YES;
				CLANG_WARN_EMPTY_BODY = YES;
				CLANG_WARN_ENUM_CONVERSION = YES;
				CLANG_WARN_INFINITE_RECURSION = YES;
				CLANG_WARN_INT_CONVERSION = YES;
				CLANG_WARN_NON_LITERAL_NULL_CONVERSION = YES;
				CLANG_WARN_OBJC_IMPLICIT_RETAIN_SELF = YES;
				CLANG_WARN_OBJC_LITERAL_CONVERSION = YES;
				CLANG_WARN_OBJC_ROOT_CLASS = YES_ERROR;
				CLANG_WARN_QUOTED_INCLUDE_IN_FRAMEWORK_HEADER = YES;
				CLANG_WARN_RANGE_LOOP_ANALYSIS = YES;
				CLANG_WARN_STRICT_PROTOTYPES = YES;
				CLANG_WARN_SUSPICIOUS_MOVE = YES;
				CLANG_WARN_UNGUARDED_AVAILABILITY = YES_AGGRESSIVE;
				CLANG_WARN_UNREACHABLE_CODE = YES;
				CLANG_WARN__DUPLICATE_METHOD_MATCH = YES;
				COPY_PHASE_STRIP = NO;
				DEBUG_INFORMATION_FORMAT = dwarf;
				ENABLE_STRICT_OBJC_MSGSEND = YES;
				ENABLE_TESTABILITY = YES;
				ENABLE_USER_SCRIPT_SANDBOXING = YES;
				GCC_C_LANGUAGE_STANDARD = gnu17;
				GCC_DYNAMIC_NO_PIC = NO;
				GCC_NO_COMMON_BLOCKS = YES;
				GCC_OPTIMIZATION_LEVEL = 0;
				GCC_PREPROCESSOR_DEFINITIONS = (
					"DEBUG=1",
					"$(inherited)",
				);
				GCC_WARN_64_TO_32_BIT_CONVERSION = YES;
				GCC_WARN_ABOUT_RETURN_TYPE = YES_ERROR;
				GCC_WARN_UNDECLARED_SELECTOR = YES;
				GCC_WARN_UNINITIALIZED_AUTOS = YES_AGGRESSIVE;
				GCC_WARN_UNUSED_FUNCTION = YES;
				GCC_WARN_UNUSED_VARIABLE = YES;
				IPHONEOS_DEPLOYMENT_TARGET = 18.2;
				LOCALIZATION_PREFERS_STRING_CATALOGS = YES;
				MTL_ENABLE_DEBUG_INFO = INCLUDE_SOURCE;
				MTL_FAST_MATH = YES;
				ONLY_ACTIVE_ARCH = YES;
				SDKROOT = iphoneos;
				SWIFT_ACTIVE_COMPILATION_CONDITIONS = "DEBUG $(inherited)";
				SWIFT_OPTIMIZATION_LEVEL = "-Onone";
			};
			name = Debug;
		};
		8365D4C42DD25D7E00EDB695 /* Release */ = {
			isa = XCBuildConfiguration;
			buildSettings = {
				ALWAYS_SEARCH_USER_PATHS = NO;
				ASSETCATALOG_COMPILER_GENERATE_SWIFT_ASSET_SYMBOL_EXTENSIONS = YES;
				CLANG_ANALYZER_NONNULL = YES;
				CLANG_ANALYZER_NUMBER_OBJECT_CONVERSION = YES_AGGRESSIVE;
				CLANG_CXX_LANGUAGE_STANDARD = "gnu++20";
				CLANG_ENABLE_MODULES = YES;
				CLANG_ENABLE_OBJC_ARC = YES;
				CLANG_ENABLE_OBJC_WEAK = YES;
				CLANG_WARN_BLOCK_CAPTURE_AUTORELEASING = YES;
				CLANG_WARN_BOOL_CONVERSION = YES;
				CLANG_WARN_COMMA = YES;
				CLANG_WARN_CONSTANT_CONVERSION = YES;
				CLANG_WARN_DEPRECATED_OBJC_IMPLEMENTATIONS = YES;
				CLANG_WARN_DIRECT_OBJC_ISA_USAGE = YES_ERROR;
				CLANG_WARN_DOCUMENTATION_COMMENTS = YES;
				CLANG_WARN_EMPTY_BODY = YES;
				CLANG_WARN_ENUM_CONVERSION = YES;
				CLANG_WARN_INFINITE_RECURSION = YES;
				CLANG_WARN_INT_CONVERSION = YES;
				CLANG_WARN_NON_LITERAL_NULL_CONVERSION = YES;
				CLANG_WARN_OBJC_IMPLICIT_RETAIN_SELF = YES;
				CLANG_WARN_OBJC_LITERAL_CONVERSION = YES;
				CLANG_WARN_OBJC_ROOT_CLASS = YES_ERROR;
				CLANG_WARN_QUOTED_INCLUDE_IN_FRAMEWORK_HEADER = YES;
				CLANG_WARN_RANGE_LOOP_ANALYSIS = YES;
				CLANG_WARN_STRICT_PROTOTYPES = YES;
				CLANG_WARN_SUSPICIOUS_MOVE = YES;
				CLANG_WARN_UNGUARDED_AVAILABILITY = YES_AGGRESSIVE;
				CLANG_WARN_UNREACHABLE_CODE = YES;
				CLANG_WARN__DUPLICATE_METHOD_MATCH = YES;
				COPY_PHASE_STRIP = NO;
				DEBUG_INFORMATION_FORMAT = "dwarf-with-dsym";
				ENABLE_NS_ASSERTIONS = NO;
				ENABLE_STRICT_OBJC_MSGSEND = YES;
				ENABLE_USER_SCRIPT_SANDBOXING = YES;
				GCC_C_LANGUAGE_STANDARD = gnu17;
				GCC_NO_COMMON_BLOCKS = YES;
				GCC_WARN_64_TO_32_BIT_CONVERSION = YES;
				GCC_WARN_ABOUT_RETURN_TYPE = YES_ERROR;
				GCC_WARN_UNDECLARED_SELECTOR = YES;
				GCC_WARN_UNINITIALIZED_AUTOS = YES_AGGRESSIVE;
				GCC_WARN_UNUSED_FUNCTION = YES;
				GCC_WARN_UNUSED_VARIABLE = YES;
				IPHONEOS_DEPLOYMENT_TARGET = 18.2;
				LOCALIZATION_PREFERS_STRING_CATALOGS = YES;
				MTL_ENABLE_DEBUG_INFO = NO;
				MTL_FAST_MATH = YES;
				SDKROOT = iphoneos;
				SWIFT_COMPILATION_MODE = wholemodule;
				VALIDATE_PRODUCT = YES;
			};
			name = Release;
		};
		8365D4C62DD25D7E00EDB695 /* Debug */ = {
			isa = XCBuildConfiguration;
			buildSettings = {
				ASSETCATALOG_COMPILER_APPICON_NAME = AppIcon;
				ASSETCATALOG_COMPILER_GLOBAL_ACCENT_COLOR_NAME = AccentColor;
				CODE_SIGN_STYLE = Automatic;
				CURRENT_PROJECT_VERSION = 1;
				DEVELOPMENT_ASSET_PATHS = "\"tic_tac_toe_ios_ethereum/Preview Content\"";
				DEVELOPMENT_TEAM = 44SCLSYCZZ;
				ENABLE_PREVIEWS = YES;
				GENERATE_INFOPLIST_FILE = YES;
				INFOPLIST_KEY_UIApplicationSceneManifest_Generation = YES;
				INFOPLIST_KEY_UIApplicationSupportsIndirectInputEvents = YES;
				INFOPLIST_KEY_UILaunchScreen_Generation = YES;
				INFOPLIST_KEY_UISupportedInterfaceOrientations_iPad = "UIInterfaceOrientationPortrait UIInterfaceOrientationPortraitUpsideDown UIInterfaceOrientationLandscapeLeft UIInterfaceOrientationLandscapeRight";
				INFOPLIST_KEY_UISupportedInterfaceOrientations_iPhone = "UIInterfaceOrientationPortrait UIInterfaceOrientationLandscapeLeft UIInterfaceOrientationLandscapeRight";
				LD_RUNPATH_SEARCH_PATHS = (
					"$(inherited)",
					"@executable_path/Frameworks",
				);
				MARKETING_VERSION = 1.0;
				PRODUCT_BUNDLE_IDENTIFIER = "vision.salient.tic-tac-toe-ios-ethereum";
				PRODUCT_NAME = "$(TARGET_NAME)";
				SWIFT_EMIT_LOC_STRINGS = YES;
				SWIFT_VERSION = 5.0;
				TARGETED_DEVICE_FAMILY = "1,2";
			};
			name = Debug;
		};
		8365D4C72DD25D7E00EDB695 /* Release */ = {
			isa = XCBuildConfiguration;
			buildSettings = {
				ASSETCATALOG_COMPILER_APPICON_NAME = AppIcon;
				ASSETCATALOG_COMPILER_GLOBAL_ACCENT_COLOR_NAME = AccentColor;
				CODE_SIGN_STYLE = Automatic;
				CURRENT_PROJECT_VERSION = 1;
				DEVELOPMENT_ASSET_PATHS = "\"tic_tac_toe_ios_ethereum/Preview Content\"";
				DEVELOPMENT_TEAM = 44SCLSYCZZ;
				ENABLE_PREVIEWS = YES;
				GENERATE_INFOPLIST_FILE = YES;
				INFOPLIST_KEY_UIApplicationSceneManifest_Generation = YES;
				INFOPLIST_KEY_UIApplicationSupportsIndirectInputEvents = YES;
				INFOPLIST_KEY_UILaunchScreen_Generation = YES;
				INFOPLIST_KEY_UISupportedInterfaceOrientations_iPad = "UIInterfaceOrientationPortrait UIInterfaceOrientationPortraitUpsideDown UIInterfaceOrientationLandscapeLeft UIInterfaceOrientationLandscapeRight";
				INFOPLIST_KEY_UISupportedInterfaceOrientations_iPhone = "UIInterfaceOrientationPortrait UIInterfaceOrientationLandscapeLeft UIInterfaceOrientationLandscapeRight";
				LD_RUNPATH_SEARCH_PATHS = (
					"$(inherited)",
					"@executable_path/Frameworks",
				);
				MARKETING_VERSION = 1.0;
				PRODUCT_BUNDLE_IDENTIFIER = "vision.salient.tic-tac-toe-ios-ethereum";
				PRODUCT_NAME = "$(TARGET_NAME)";
				SWIFT_EMIT_LOC_STRINGS = YES;
				SWIFT_VERSION = 5.0;
				TARGETED_DEVICE_FAMILY = "1,2";
			};
			name = Release;
		};
		8365D4C92DD25D7E00EDB695 /* Debug */ = {
			isa = XCBuildConfiguration;
			buildSettings = {
				BUNDLE_LOADER = "$(TEST_HOST)";
				CODE_SIGN_STYLE = Automatic;
				CURRENT_PROJECT_VERSION = 1;
				DEVELOPMENT_TEAM = 44SCLSYCZZ;
				GENERATE_INFOPLIST_FILE = YES;
				IPHONEOS_DEPLOYMENT_TARGET = 18.2;
				MARKETING_VERSION = 1.0;
				PRODUCT_BUNDLE_IDENTIFIER = "vision.salient.tic-tac-toe-ios-ethereumTests";
				PRODUCT_NAME = "$(TARGET_NAME)";
				SWIFT_EMIT_LOC_STRINGS = NO;
				SWIFT_VERSION = 5.0;
				TARGETED_DEVICE_FAMILY = "1,2";
				TEST_HOST = "$(BUILT_PRODUCTS_DIR)/tic_tac_toe_ios_ethereum.app/$(BUNDLE_EXECUTABLE_FOLDER_PATH)/tic_tac_toe_ios_ethereum";
			};
			name = Debug;
		};
		8365D4CA2DD25D7E00EDB695 /* Release */ = {
			isa = XCBuildConfiguration;
			buildSettings = {
				BUNDLE_LOADER = "$(TEST_HOST)";
				CODE_SIGN_STYLE = Automatic;
				CURRENT_PROJECT_VERSION = 1;
				DEVELOPMENT_TEAM = 44SCLSYCZZ;
				GENERATE_INFOPLIST_FILE = YES;
				IPHONEOS_DEPLOYMENT_TARGET = 18.2;
				MARKETING_VERSION = 1.0;
				PRODUCT_BUNDLE_IDENTIFIER = "vision.salient.tic-tac-toe-ios-ethereumTests";
				PRODUCT_NAME = "$(TARGET_NAME)";
				SWIFT_EMIT_LOC_STRINGS = NO;
				SWIFT_VERSION = 5.0;
				TARGETED_DEVICE_FAMILY = "1,2";
				TEST_HOST = "$(BUILT_PRODUCTS_DIR)/tic_tac_toe_ios_ethereum.app/$(BUNDLE_EXECUTABLE_FOLDER_PATH)/tic_tac_toe_ios_ethereum";
			};
			name = Release;
		};
		8365D4CC2DD25D7E00EDB695 /* Debug */ = {
			isa = XCBuildConfiguration;
			buildSettings = {
				CODE_SIGN_STYLE = Automatic;
				CURRENT_PROJECT_VERSION = 1;
				DEVELOPMENT_TEAM = 44SCLSYCZZ;
				GENERATE_INFOPLIST_FILE = YES;
				MARKETING_VERSION = 1.0;
				PRODUCT_BUNDLE_IDENTIFIER = "vision.salient.tic-tac-toe-ios-ethereumUITests";
				PRODUCT_NAME = "$(TARGET_NAME)";
				SWIFT_EMIT_LOC_STRINGS = NO;
				SWIFT_VERSION = 5.0;
				TARGETED_DEVICE_FAMILY = "1,2";
				TEST_TARGET_NAME = tic_tac_toe_ios_ethereum;
			};
			name = Debug;
		};
		8365D4CD2DD25D7E00EDB695 /* Release */ = {
			isa = XCBuildConfiguration;
			buildSettings = {
				CODE_SIGN_STYLE = Automatic;
				CURRENT_PROJECT_VERSION = 1;
				DEVELOPMENT_TEAM = 44SCLSYCZZ;
				GENERATE_INFOPLIST_FILE = YES;
				MARKETING_VERSION = 1.0;
				PRODUCT_BUNDLE_IDENTIFIER = "vision.salient.tic-tac-toe-ios-ethereumUITests";
				PRODUCT_NAME = "$(TARGET_NAME)";
				SWIFT_EMIT_LOC_STRINGS = NO;
				SWIFT_VERSION = 5.0;
				TARGETED_DEVICE_FAMILY = "1,2";
				TEST_TARGET_NAME = tic_tac_toe_ios_ethereum;
			};
			name = Release;
		};
/* End XCBuildConfiguration section */

/* Begin XCConfigurationList section */
		8365D49C2DD25D7D00EDB695 /* Build configuration list for PBXProject "tic_tac_toe_ios_ethereum" */ = {
			isa = XCConfigurationList;
			buildConfigurations = (
				8365D4C32DD25D7E00EDB695 /* Debug */,
				8365D4C42DD25D7E00EDB695 /* Release */,
			);
			defaultConfigurationIsVisible = 0;
			defaultConfigurationName = Release;
		};
		8365D4C52DD25D7E00EDB695 /* Build configuration list for PBXNativeTarget "tic_tac_toe_ios_ethereum" */ = {
			isa = XCConfigurationList;
			buildConfigurations = (
				8365D4C62DD25D7E00EDB695 /* Debug */,
				8365D4C72DD25D7E00EDB695 /* Release */,
			);
			defaultConfigurationIsVisible = 0;
			defaultConfigurationName = Release;
		};
		8365D4C82DD25D7E00EDB695 /* Build configuration list for PBXNativeTarget "tic_tac_toe_ios_ethereumTests" */ = {
			isa = XCConfigurationList;
			buildConfigurations = (
				8365D4C92DD25D7E00EDB695 /* Debug */,
				8365D4CA2DD25D7E00EDB695 /* Release */,
			);
			defaultConfigurationIsVisible = 0;
			defaultConfigurationName = Release;
		};
		8365D4CB2DD25D7E00EDB695 /* Build configuration list for PBXNativeTarget "tic_tac_toe_ios_ethereumUITests" */ = {
			isa = XCConfigurationList;
			buildConfigurations = (
				8365D4CC2DD25D7E00EDB695 /* Debug */,
				8365D4CD2DD25D7E00EDB695 /* Release */,
			);
			defaultConfigurationIsVisible = 0;
			defaultConfigurationName = Release;
		};
/* End XCConfigurationList section */
	};
	rootObject = 8365D4992DD25D7D00EDB695 /* Project object */;
}
